
Microsoft Visual Studio Solution File, Format Version 12.00
# Visual Studio 14
VisualStudioVersion = 14.0.25420.1
MinimumVisualStudioVersion = 10.0.40219.1
Project("{159641D6-6404-4A2A-AE62-294DE0FE8301}") = "MSSQL_SSIS", "MSSQL_SSIS\MSSQL_SSIS.dtproj", "{03E77DC5-0745-4AF2-8F0D-BE9F03236797}"
EndProject
Project("{2150E333-8FDC-42A3-9474-1A3956D46DE8}") = "Solution Items", "Solution Items", "{1C1F8572-F105-4BE6-9499-7023BB1521A2}"
	ProjectSection(SolutionItems) = preProject
		Exports\EmployeesExport.xls = Exports\EmployeesExport.xls
		Imports\Installers.txt = Imports\Installers.txt
	EndProjectSection
EndProject
Global
	GlobalSection(SolutionConfigurationPlatforms) = preSolution
		Development|Default = Development|Default
	EndGlobalSection
	GlobalSection(ProjectConfigurationPlatforms) = postSolution
		{03E77DC5-0745-4AF2-8F0D-BE9F03236797}.Development|Default.ActiveCfg = Development
		{03E77DC5-0745-4AF2-8F0D-BE9F03236797}.Development|Default.Build.0 = Development
	EndGlobalSection
	GlobalSection(SolutionProperties) = preSolution
		HideSolutionNode = FALSE
	EndGlobalSection
EndGlobal
